// !$*UTF8*$!
{
	archiveVersion = 1;
	classes = {
	};
	objectVersion = 46;
	objects = {

/* Begin PBXBuildFile section */
		06474A1F15ECBC960004601D /* UIKit.framework in Frameworks */ = {isa = PBXBuildFile; fileRef = 06474A1E15ECBC960004601D /* UIKit.framework */; };
		06474A2115ECBC960004601D /* Foundation.framework in Frameworks */ = {isa = PBXBuildFile; fileRef = 06474A2015ECBC960004601D /* Foundation.framework */; };
		06474A2315ECBC960004601D /* CoreGraphics.framework in Frameworks */ = {isa = PBXBuildFile; fileRef = 06474A2215ECBC960004601D /* CoreGraphics.framework */; };
		06474A2915ECBC960004601D /* InfoPlist.strings in Resources */ = {isa = PBXBuildFile; fileRef = 06474A2715ECBC960004601D /* InfoPlist.strings */; };
		06474A2B15ECBC960004601D /* main.m in Sources */ = {isa = PBXBuildFile; fileRef = 06474A2A15ECBC960004601D /* main.m */; };
		06474A2F15ECBC960004601D /* TTAppDelegate.m in Sources */ = {isa = PBXBuildFile; fileRef = 06474A2E15ECBC960004601D /* TTAppDelegate.m */; };
		06474A3215ECBC960004601D /* MainStoryboard.storyboard in Resources */ = {isa = PBXBuildFile; fileRef = 06474A3015ECBC960004601D /* MainStoryboard.storyboard */; };
		06474A3515ECBC960004601D /* TTViewController.m in Sources */ = {isa = PBXBuildFile; fileRef = 06474A3415ECBC960004601D /* TTViewController.m */; };
/* End PBXBuildFile section */

/* Begin PBXFileReference section */
		06474A1A15ECBC960004601D /* TouchTest.app */ = {isa = PBXFileReference; explicitFileType = wrapper.application; includeInIndex = 0; path = TouchTest.app; sourceTree = BUILT_PRODUCTS_DIR; };
		06474A1E15ECBC960004601D /* UIKit.framework */ = {isa = PBXFileReference; lastKnownFileType = wrapper.framework; name = UIKit.framework; path = System/Library/Frameworks/UIKit.framework; sourceTree = SDKROOT; };
		06474A2015ECBC960004601D /* Foundation.framework */ = {isa = PBXFileReference; lastKnownFileType = wrapper.framework; name = Foundation.framework; path = System/Library/Frameworks/Foundation.framework; sourceTree = SDKROOT; };
		06474A2215ECBC960004601D /* CoreGraphics.framework */ = {isa = PBXFileReference; lastKnownFileType = wrapper.framework; name = CoreGraphics.framework; path = System/Library/Frameworks/CoreGraphics.framework; sourceTree = SDKROOT; };
		06474A2615ECBC960004601D /* TouchTest-Info.plist */ = {isa = PBXFileReference; lastKnownFileType = text.plist.xml; path = "TouchTest-Info.plist"; sourceTree = "<group>"; };
		06474A2815ECBC960004601D /* en */ = {isa = PBXFileReference; lastKnownFileType = text.plist.strings; name = en; path = en.lproj/InfoPlist.strings; sourceTree = "<group>"; };
		06474A2A15ECBC960004601D /* main.m */ = {isa = PBXFileReference; lastKnownFileType = sourcecode.c.objc; path = main.m; sourceTree = "<group>"; };
		06474A2C15ECBC960004601D /* TouchTest-Prefix.pch */ = {isa = PBXFileReference; lastKnownFileType = sourcecode.c.h; path = "TouchTest-Prefix.pch"; sourceTree = "<group>"; };
		06474A2D15ECBC960004601D /* TTAppDelegate.h */ = {isa = PBXFileReference; lastKnownFileType = sourcecode.c.h; path = TTAppDelegate.h; sourceTree = "<group>"; };
		06474A2E15ECBC960004601D /* TTAppDelegate.m */ = {isa = PBXFileReference; lastKnownFileType = sourcecode.c.objc; path = TTAppDelegate.m; sourceTree = "<group>"; };
		06474A3115ECBC960004601D /* en */ = {isa = PBXFileReference; lastKnownFileType = file.storyboard; name = en; path = en.lproj/MainStoryboard.storyboard; sourceTree = "<group>"; };
		06474A3315ECBC960004601D /* TTViewController.h */ = {isa = PBXFileReference; lastKnownFileType = sourcecode.c.h; path = TTViewController.h; sourceTree = "<group>"; };
		06474A3415ECBC960004601D /* TTViewController.m */ = {isa = PBXFileReference; lastKnownFileType = sourcecode.c.objc; path = TTViewController.m; sourceTree = "<group>"; };
/* End PBXFileReference section */

/* Begin PBXFrameworksBuildPhase section */
		06474A1715ECBC960004601D /* Frameworks */ = {
			isa = PBXFrameworksBuildPhase;
			buildActionMask = 2147483647;
			files = (
				06474A1F15ECBC960004601D /* UIKit.framework in Frameworks */,
				06474A2115ECBC960004601D /* Foundation.framework in Frameworks */,
				06474A2315ECBC960004601D /* CoreGraphics.framework in Frameworks */,
			);
			runOnlyForDeploymentPostprocessing = 0;
		};
/* End PBXFrameworksBuildPhase section */

/* Begin PBXGroup section */
		06474A0F15ECBC960004601D = {
			isa = PBXGroup;
			children = (
				06474A2415ECBC960004601D /* TouchTest */,
				06474A1D15ECBC960004601D /* Frameworks */,
				06474A1B15ECBC960004601D /* Products */,
			);
			sourceTree = "<group>";
		};
		06474A1B15ECBC960004601D /* Products */ = {
			isa = PBXGroup;
			children = (
				06474A1A15ECBC960004601D /* TouchTest.app */,
			);
			name = Products;
			sourceTree = "<group>";
		};
		06474A1D15ECBC960004601D /* Frameworks */ = {
			isa = PBXGroup;
			children = (
				06474A1E15ECBC960004601D /* UIKit.framework */,
				06474A2015ECBC960004601D /* Foundation.framework */,
				06474A2215ECBC960004601D /* CoreGraphics.framework */,
			);
			name = Frameworks;
			sourceTree = "<group>";
		};
		06474A2415ECBC960004601D /* TouchTest */ = {
			isa = PBXGroup;
			children = (
				06474A2D15ECBC960004601D /* TTAppDelegate.h */,
				06474A2E15ECBC960004601D /* TTAppDelegate.m */,
				06474A3015ECBC960004601D /* MainStoryboard.storyboard */,
				06474A3315ECBC960004601D /* TTViewController.h */,
				06474A3415ECBC960004601D /* TTViewController.m */,
				06474A2515ECBC960004601D /* Supporting Files */,
			);
			path = TouchTest;
			sourceTree = "<group>";
		};
		06474A2515ECBC960004601D /* Supporting Files */ = {
			isa = PBXGroup;
			children = (
				06474A2615ECBC960004601D /* TouchTest-Info.plist */,
				06474A2715ECBC960004601D /* InfoPlist.strings */,
				06474A2A15ECBC960004601D /* main.m */,
				06474A2C15ECBC960004601D /* TouchTest-Prefix.pch */,
			);
			name = "Supporting Files";
			sourceTree = "<group>";
		};
/* End PBXGroup section */

/* Begin PBXNativeTarget section */
		06474A1915ECBC960004601D /* TouchTest */ = {
			isa = PBXNativeTarget;
			buildConfigurationList = 06474A3815ECBC960004601D /* Build configuration list for PBXNativeTarget "TouchTest" */;
			buildPhases = (
				06474A1615ECBC960004601D /* Sources */,
				06474A1715ECBC960004601D /* Frameworks */,
				06474A1815ECBC960004601D /* Resources */,
			);
			buildRules = (
			);
			dependencies = (
			);
			name = TouchTest;
			productName = TouchTest;
			productReference = 06474A1A15ECBC960004601D /* TouchTest.app */;
			productType = "com.apple.product-type.application";
		};
/* End PBXNativeTarget section */

/* Begin PBXProject section */
		06474A1115ECBC960004601D /* Project object */ = {
			isa = PBXProject;
			attributes = {
				CLASSPREFIX = TT;
				LastUpgradeCheck = 0440;
				ORGANIZATIONNAME = "Minh Nguyen";
			};
			buildConfigurationList = 06474A1415ECBC960004601D /* Build configuration list for PBXProject "TouchTest" */;
			compatibilityVersion = "Xcode 3.2";
			developmentRegion = English;
			hasScannedForEncodings = 0;
			knownRegions = (
				en,
			);
			mainGroup = 06474A0F15ECBC960004601D;
			productRefGroup = 06474A1B15ECBC960004601D /* Products */;
			projectDirPath = "";
			projectRoot = "";
			targets = (
				06474A1915ECBC960004601D /* TouchTest */,
			);
		};
/* End PBXProject section */

/* Begin PBXResourcesBuildPhase section */
		06474A1815ECBC960004601D /* Resources */ = {
			isa = PBXResourcesBuildPhase;
			buildActionMask = 2147483647;
			files = (
				06474A2915ECBC960004601D /* InfoPlist.strings in Resources */,
				06474A3215ECBC960004601D /* MainStoryboard.storyboard in Resources */,
			);
			runOnlyForDeploymentPostprocessing = 0;
		};
/* End PBXResourcesBuildPhase section */

/* Begin PBXSourcesBuildPhase section */
		06474A1615ECBC960004601D /* Sources */ = {
			isa = PBXSourcesBuildPhase;
			buildActionMask = 2147483647;
			files = (
				06474A2B15ECBC960004601D /* main.m in Sources */,
				06474A2F15ECBC960004601D /* TTAppDelegate.m in Sources */,
				06474A3515ECBC960004601D /* TTViewController.m in Sources */,
			);
			runOnlyForDeploymentPostprocessing = 0;
		};
/* End PBXSourcesBuildPhase section */

/* Begin PBXVariantGroup section */
		06474A2715ECBC960004601D /* InfoPlist.strings */ = {
			isa = PBXVariantGroup;
			children = (
				06474A2815ECBC960004601D /* en */,
			);
			name = InfoPlist.strings;
			sourceTree = "<group>";
		};
		06474A3015ECBC960004601D /* MainStoryboard.storyboard */ = {
			isa = PBXVariantGroup;
			children = (
				06474A3115ECBC960004601D /* en */,
			);
			name = MainStoryboard.storyboard;
			sourceTree = "<group>";
		};
/* End PBXVariantGroup section */

/* Begin XCBuildConfiguration section */
		06474A3615ECBC960004601D /* Debug */ = {
			isa = XCBuildConfiguration;
			buildSettings = {
				ALWAYS_SEARCH_USER_PATHS = NO;
				ARCHS = "$(ARCHS_STANDARD_32_BIT)";
				CLANG_CXX_LANGUAGE_STANDARD = "gnu++0x";
				CLANG_ENABLE_OBJC_ARC = YES;
				CLANG_WARN__DUPLICATE_METHOD_MATCH = YES;
				"CODE_SIGN_IDENTITY[sdk=iphoneos*]" = "iPhone Developer";
				COPY_PHASE_STRIP = NO;
				GCC_C_LANGUAGE_STANDARD = gnu99;
				GCC_DYNAMIC_NO_PIC = NO;
				GCC_OPTIMIZATION_LEVEL = 0;
				GCC_PREPROCESSOR_DEFINITIONS = (
					"DEBUG=1",
					"$(inherited)",
				);
				GCC_SYMBOLS_PRIVATE_EXTERN = NO;
				GCC_VERSION = com.apple.compilers.llvm.clang.1_0;
				GCC_WARN_ABOUT_RETURN_TYPE = YES;
				GCC_WARN_UNINITIALIZED_AUTOS = YES;
				GCC_WARN_UNUSED_VARIABLE = YES;
				IPHONEOS_DEPLOYMENT_TARGET = 5.1;
				SDKROOT = iphoneos;
			};
			name = Debug;
		};
		06474A3715ECBC960004601D /* Release */ = {
			isa = XCBuildConfiguration;
			buildSettings = {
				ALWAYS_SEARCH_USER_PATHS = NO;
				ARCHS = "$(ARCHS_STANDARD_32_BIT)";
				CLANG_CXX_LANGUAGE_STANDARD = "gnu++0x";
				CLANG_ENABLE_OBJC_ARC = YES;
				CLANG_WARN__DUPLICATE_METHOD_MATCH = YES;
				"CODE_SIGN_IDENTITY[sdk=iphoneos*]" = "iPhone Developer";
				COPY_PHASE_STRIP = YES;
				GCC_C_LANGUAGE_STANDARD = gnu99;
				GCC_VERSION = com.apple.compilers.llvm.clang.1_0;
				GCC_WARN_ABOUT_RETURN_TYPE = YES;
				GCC_WARN_UNINITIALIZED_AUTOS = YES;
				GCC_WARN_UNUSED_VARIABLE = YES;
				IPHONEOS_DEPLOYMENT_TARGET = 5.1;
				OTHER_CFLAGS = "-DNS_BLOCK_ASSERTIONS=1";
				SDKROOT = iphoneos;
				VALIDATE_PRODUCT = YES;
			};
			name = Release;
		};
		06474A3915ECBC960004601D /* Debug */ = {
			isa = XCBuildConfiguration;
			buildSettings = {
				GCC_PRECOMPILE_PREFIX_HEADER = YES;
				GCC_PREFIX_HEADER = "TouchTest/TouchTest-Prefix.pch";
				INFOPLIST_FILE = "TouchTest/TouchTest-Info.plist";
				PRODUCT_NAME = "$(TARGET_NAME)";
				WRAPPER_EXTENSION = app;
			};
			name = Debug;
		};
		06474A3A15ECBC960004601D /* Release */ = {
			isa = XCBuildConfiguration;
			buildSettings = {
				GCC_PRECOMPILE_PREFIX_HEADER = YES;
				GCC_PREFIX_HEADER = "TouchTest/TouchTest-Prefix.pch";
				INFOPLIST_FILE = "TouchTest/TouchTest-Info.plist";
				PRODUCT_NAME = "$(TARGET_NAME)";
				WRAPPER_EXTENSION = app;
			};
			name = Release;
		};
/* End XCBuildConfiguration section */

/* Begin XCConfigurationList section */
		06474A1415ECBC960004601D /* Build configuration list for PBXProject "TouchTest" */ = {
			isa = XCConfigurationList;
			buildConfigurations = (
				06474A3615ECBC960004601D /* Debug */,
				06474A3715ECBC960004601D /* Release */,
			);
			defaultConfigurationIsVisible = 0;
			defaultConfigurationName = Release;
		};
		06474A3815ECBC960004601D /* Build configuration list for PBXNativeTarget "TouchTest" */ = {
			isa = XCConfigurationList;
			buildConfigurations = (
				06474A3915ECBC960004601D /* Debug */,
				06474A3A15ECBC960004601D /* Release */,
			);
			defaultConfigurationIsVisible = 0;
			defaultConfigurationName = Release;
		};
/* End XCConfigurationList section */
	};
	rootObject = 06474A1115ECBC960004601D /* Project object */;
}
